<?xml version="1.0" encoding="UTF-8"?>
<!DOCTYPE plist PUBLIC "-//Apple//DTD PLIST 1.0//EN" "http://www.apple.com/DTDs/PropertyList-1.0.dtd">
<plist version="1.0">
<dict>
	<key>archiveVersion</key>
	<string>1</string>
	<key>classes</key>
	<dict/>
	<key>objectVersion</key>
	<string>46</string>
	<key>objects</key>
	<dict>
		<key>27095845153B3A2900D8E76E</key>
		<dict>
			<key>isa</key>
			<string>PBXFileReference</string>
			<key>lastKnownFileType</key>
			<string>wrapper.framework</string>
			<key>name</key>
			<string>CoreFoundation.framework</string>
			<key>path</key>
			<string>System/Library/Frameworks/CoreFoundation.framework</string>
			<key>sourceTree</key>
			<string>SDKROOT</string>
		</dict>
		<key>27095846153B3A2900D8E76E</key>
		<dict>
			<key>fileRef</key>
			<string>27095845153B3A2900D8E76E</string>
			<key>isa</key>
			<string>PBXBuildFile</string>
		</dict>
		<key>27284E4F154BB35F0056E188</key>
		<dict>
			<key>isa</key>
			<string>PBXFileReference</string>
			<key>lastKnownFileType</key>
			<string>wrapper.framework</string>
			<key>name</key>
			<string>MessageUI.framework</string>
			<key>path</key>
			<string>System/Library/Frameworks/MessageUI.framework</string>
			<key>sourceTree</key>
			<string>SDKROOT</string>
		</dict>
		<key>27284E50154BB35F0056E188</key>
		<dict>
			<key>fileRef</key>
			<string>27284E4F154BB35F0056E188</string>
			<key>isa</key>
			<string>PBXBuildFile</string>
		</dict>
		<key>273A33C81537599200B871E8</key>
		<dict>
			<key>isa</key>
			<string>PBXFileReference</string>
			<key>lastKnownFileType</key>
			<string>image.png</string>
			<key>path</key>
			<string>green-play-button.png</string>
			<key>sourceTree</key>
			<string>&lt;group&gt;</string>
		</dict>
		<key>273A33C91537599200B871E8</key>
		<dict>
			<key>fileRef</key>
			<string>273A33C81537599200B871E8</string>
			<key>isa</key>
			<string>PBXBuildFile</string>
		</dict>
		<key>273A33CA1537620900B871E8</key>
		<dict>
			<key>isa</key>
			<string>PBXFileReference</string>
			<key>lastKnownFileType</key>
			<string>wrapper.framework</string>
			<key>name</key>
			<string>AVFoundation.framework</string>
			<key>path</key>
			<string>System/Library/Frameworks/AVFoundation.framework</string>
			<key>sourceTree</key>
			<string>SDKROOT</string>
		</dict>
		<key>273A33CC1537625400B871E8</key>
		<dict>
			<key>fileRef</key>
			<string>273A33CA1537620900B871E8</string>
			<key>isa</key>
			<string>PBXBuildFile</string>
		</dict>
		<key>2748BF211501B1CC0091BFCF</key>
		<dict>
			<key>children</key>
			<array>
				<string>2748BF381501B1CC0091BFCF</string>
				<string>2748BF2F1501B1CC0091BFCF</string>
				<string>2748BF2D1501B1CC0091BFCF</string>
				<string>ADE86DC4B92EAF59BF44080F</string>
			</array>
			<key>isa</key>
			<string>PBXGroup</string>
			<key>sourceTree</key>
			<string>&lt;group&gt;</string>
		</dict>
		<key>2748BF231501B1CC0091BFCF</key>
		<dict>
			<key>attributes</key>
			<dict>
				<key>LastUpgradeCheck</key>
				<string>0420</string>
				<key>TargetAttributes</key>
				<dict>
					<key>2748BF2B1501B1CC0091BFCF</key>
					<dict>
						<key>DevelopmentTeam</key>
						<string>V9JC374P99</string>
					</dict>
				</dict>
			</dict>
			<key>buildConfigurationList</key>
			<string>2748BF261501B1CC0091BFCF</string>
			<key>compatibilityVersion</key>
			<string>Xcode 3.2</string>
			<key>developmentRegion</key>
			<string>English</string>
			<key>hasScannedForEncodings</key>
			<string>0</string>
			<key>isa</key>
			<string>PBXProject</string>
			<key>knownRegions</key>
			<array>
				<string>en</string>
			</array>
			<key>mainGroup</key>
			<string>2748BF211501B1CC0091BFCF</string>
			<key>productRefGroup</key>
			<string>2748BF2D1501B1CC0091BFCF</string>
			<key>projectDirPath</key>
			<string></string>
			<key>projectReferences</key>
			<array/>
			<key>projectRoot</key>
			<string></string>
			<key>targets</key>
			<array>
				<string>2748BF2B1501B1CC0091BFCF</string>
			</array>
		</dict>
		<key>2748BF261501B1CC0091BFCF</key>
		<dict>
			<key>buildConfigurations</key>
			<array>
				<string>2748BF531501B1CC0091BFCF</string>
				<string>2748BF541501B1CC0091BFCF</string>
			</array>
			<key>defaultConfigurationIsVisible</key>
			<string>0</string>
			<key>defaultConfigurationName</key>
			<string>Release</string>
			<key>isa</key>
			<string>XCConfigurationList</string>
		</dict>
		<key>2748BF281501B1CC0091BFCF</key>
		<dict>
			<key>buildActionMask</key>
			<string>2147483647</string>
			<key>files</key>
			<array>
				<string>2748BF3F1501B1CC0091BFCF</string>
				<string>2748BF431501B1CC0091BFCF</string>
				<string>2748BF4C1501B1CC0091BFCF</string>
				<string>2748BF4F1501B1CC0091BFCF</string>
				<string>2748BF521501B1CC0091BFCF</string>
				<string>277B65E9150267DB007CD5C9</string>
				<string>27AE87351516A162004A817E</string>
				<string>27D23BF6151E5AE0005A7A77</string>
				<string>274EEEA9152AB739004A2224</string>
				<string>27FDDDBF154C3D3400B6FA0D</string>
			</array>
			<key>isa</key>
			<string>PBXSourcesBuildPhase</string>
			<key>runOnlyForDeploymentPostprocessing</key>
			<string>0</string>
		</dict>
		<key>2748BF291501B1CC0091BFCF</key>
		<dict>
			<key>buildActionMask</key>
			<string>2147483647</string>
			<key>files</key>
			<array>
				<string>27284E50154BB35F0056E188</string>
				<string>273A33CC1537625400B871E8</string>
				<string>2748BF311501B1CC0091BFCF</string>
				<string>27095846153B3A2900D8E76E</string>
				<string>2748BF331501B1CC0091BFCF</string>
				<string>2748BF351501B1CC0091BFCF</string>
				<string>2748BF371501B1CC0091BFCF</string>
				<string>42F6C879BE2FADC32355E0DE</string>
			</array>
			<key>isa</key>
			<string>PBXFrameworksBuildPhase</string>
			<key>runOnlyForDeploymentPostprocessing</key>
			<string>0</string>
		</dict>
		<key>2748BF2A1501B1CC0091BFCF</key>
		<dict>
			<key>buildActionMask</key>
			<string>2147483647</string>
			<key>files</key>
			<array>
				<string>2748BF3D1501B1CC0091BFCF</string>
				<string>2748BF461501B1CC0091BFCF</string>
				<string>2748BF491501B1CC0091BFCF</string>
				<string>274EEEA5152AAE59004A2224</string>
				<string>274EEEAB152B4D26004A2224</string>
				<string>273A33C91537599200B871E8</string>
				<string>275B8878153F2354004CFEBB</string>
				<string>275B8879153F2354004CFEBB</string>
				<string>275B887A153F2354004CFEBB</string>
				<string>2797FCF415466258007F0D16</string>
				<string>27C0887A154B4F520078DAB1</string>
			</array>
			<key>isa</key>
			<string>PBXResourcesBuildPhase</string>
			<key>runOnlyForDeploymentPostprocessing</key>
			<string>0</string>
		</dict>
		<key>2748BF2B1501B1CC0091BFCF</key>
		<dict>
			<key>buildConfigurationList</key>
			<string>2748BF551501B1CC0091BFCF</string>
			<key>buildPhases</key>
			<array>
				<string>9B4CEBB9613103156F4EF75F</string>
				<string>2748BF281501B1CC0091BFCF</string>
				<string>2748BF291501B1CC0091BFCF</string>
				<string>2748BF2A1501B1CC0091BFCF</string>
				<string>9B0BEB0CAF49B7B7F8203AD5</string>
			</array>
			<key>buildRules</key>
			<array/>
			<key>dependencies</key>
			<array/>
			<key>isa</key>
			<string>PBXNativeTarget</string>
			<key>name</key>
			<string>TunePad Pro</string>
			<key>productName</key>
			<string>TunePad Pro</string>
			<key>productReference</key>
			<string>2748BF2C1501B1CC0091BFCF</string>
			<key>productType</key>
			<string>com.apple.product-type.application</string>
		</dict>
		<key>2748BF2C1501B1CC0091BFCF</key>
		<dict>
			<key>explicitFileType</key>
			<string>wrapper.application</string>
			<key>includeInIndex</key>
			<string>0</string>
			<key>isa</key>
			<string>PBXFileReference</string>
			<key>path</key>
			<string>TunePad Pro.app</string>
			<key>sourceTree</key>
			<string>BUILT_PRODUCTS_DIR</string>
		</dict>
		<key>2748BF2D1501B1CC0091BFCF</key>
		<dict>
			<key>children</key>
			<array>
				<string>2748BF2C1501B1CC0091BFCF</string>
			</array>
			<key>isa</key>
			<string>PBXGroup</string>
			<key>name</key>
			<string>Products</string>
			<key>sourceTree</key>
			<string>&lt;group&gt;</string>
		</dict>
		<key>2748BF2F1501B1CC0091BFCF</key>
		<dict>
			<key>children</key>
			<array>
				<string>27284E4F154BB35F0056E188</string>
				<string>27095845153B3A2900D8E76E</string>
				<string>273A33CA1537620900B871E8</string>
				<string>2748BF301501B1CC0091BFCF</string>
				<string>2748BF321501B1CC0091BFCF</string>
				<string>2748BF341501B1CC0091BFCF</string>
				<string>2748BF361501B1CC0091BFCF</string>
				<string>31266847D049ACABA0467F72</string>
			</array>
			<key>isa</key>
			<string>PBXGroup</string>
			<key>name</key>
			<string>Frameworks</string>
			<key>sourceTree</key>
			<string>&lt;group&gt;</string>
		</dict>
		<key>2748BF301501B1CC0091BFCF</key>
		<dict>
			<key>isa</key>
			<string>PBXFileReference</string>
			<key>lastKnownFileType</key>
			<string>wrapper.framework</string>
			<key>name</key>
			<string>UIKit.framework</string>
			<key>path</key>
			<string>System/Library/Frameworks/UIKit.framework</string>
			<key>sourceTree</key>
			<string>SDKROOT</string>
		</dict>
		<key>2748BF311501B1CC0091BFCF</key>
		<dict>
			<key>fileRef</key>
			<string>2748BF301501B1CC0091BFCF</string>
			<key>isa</key>
			<string>PBXBuildFile</string>
		</dict>
		<key>2748BF321501B1CC0091BFCF</key>
		<dict>
			<key>isa</key>
			<string>PBXFileReference</string>
			<key>lastKnownFileType</key>
			<string>wrapper.framework</string>
			<key>name</key>
			<string>Foundation.framework</string>
			<key>path</key>
			<string>System/Library/Frameworks/Foundation.framework</string>
			<key>sourceTree</key>
			<string>SDKROOT</string>
		</dict>
		<key>2748BF331501B1CC0091BFCF</key>
		<dict>
			<key>fileRef</key>
			<string>2748BF321501B1CC0091BFCF</string>
			<key>isa</key>
			<string>PBXBuildFile</string>
		</dict>
		<key>2748BF341501B1CC0091BFCF</key>
		<dict>
			<key>isa</key>
			<string>PBXFileReference</string>
			<key>lastKnownFileType</key>
			<string>wrapper.framework</string>
			<key>name</key>
			<string>CoreGraphics.framework</string>
			<key>path</key>
			<string>System/Library/Frameworks/CoreGraphics.framework</string>
			<key>sourceTree</key>
			<string>SDKROOT</string>
		</dict>
		<key>2748BF351501B1CC0091BFCF</key>
		<dict>
			<key>fileRef</key>
			<string>2748BF341501B1CC0091BFCF</string>
			<key>isa</key>
			<string>PBXBuildFile</string>
		</dict>
		<key>2748BF361501B1CC0091BFCF</key>
		<dict>
			<key>isa</key>
			<string>PBXFileReference</string>
			<key>lastKnownFileType</key>
			<string>wrapper.framework</string>
			<key>name</key>
			<string>CoreData.framework</string>
			<key>path</key>
			<string>System/Library/Frameworks/CoreData.framework</string>
			<key>sourceTree</key>
			<string>SDKROOT</string>
		</dict>
		<key>2748BF371501B1CC0091BFCF</key>
		<dict>
			<key>fileRef</key>
			<string>2748BF361501B1CC0091BFCF</string>
			<key>isa</key>
			<string>PBXBuildFile</string>
		</dict>
		<key>2748BF381501B1CC0091BFCF</key>
		<dict>
			<key>children</key>
			<array>
				<string>2748BF411501B1CC0091BFCF</string>
				<string>2748BF421501B1CC0091BFCF</string>
				<string>2748BF441501B1CC0091BFCF</string>
				<string>2748BF471501B1CC0091BFCF</string>
				<string>277B65E7150267DB007CD5C9</string>
				<string>277B65E8150267DB007CD5C9</string>
				<string>2748BF4D1501B1CC0091BFCF</string>
				<string>2748BF4E1501B1CC0091BFCF</string>
				<string>27AE87331516A161004A817E</string>
				<string>27AE87341516A161004A817E</string>
				<string>274EEEA7152AB739004A2224</string>
				<string>274EEEA8152AB739004A2224</string>
				<string>2748BF501501B1CC0091BFCF</string>
				<string>2748BF511501B1CC0091BFCF</string>
				<string>277B65D0150263B4007CD5C9</string>
				<string>2748BF391501B1CC0091BFCF</string>
				<string>274EEEAA152B4D26004A2224</string>
			</array>
			<key>isa</key>
			<string>PBXGroup</string>
			<key>path</key>
			<string>TunePad Pro</string>
			<key>sourceTree</key>
			<string>&lt;group&gt;</string>
		</dict>
		<key>2748BF391501B1CC0091BFCF</key>
		<dict>
			<key>children</key>
			<array>
				<string>2797FCF315466258007F0D16</string>
				<string>275B8875153F2354004CFEBB</string>
				<string>275B8876153F2354004CFEBB</string>
				<string>275B8877153F2354004CFEBB</string>
				<string>273A33C81537599200B871E8</string>
				<string>2748BF3A1501B1CC0091BFCF</string>
				<string>27C08879154B4F520078DAB1</string>
				<string>2748BF3B1501B1CC0091BFCF</string>
				<string>274EEEA4152AAE59004A2224</string>
				<string>2748BF3E1501B1CC0091BFCF</string>
				<string>2748BF401501B1CC0091BFCF</string>
			</array>
			<key>isa</key>
			<string>PBXGroup</string>
			<key>name</key>
			<string>Supporting Files</string>
			<key>sourceTree</key>
			<string>&lt;group&gt;</string>
		</dict>
		<key>2748BF3A1501B1CC0091BFCF</key>
		<dict>
			<key>isa</key>
			<string>PBXFileReference</string>
			<key>lastKnownFileType</key>
			<string>text.plist.xml</string>
			<key>path</key>
			<string>TunePad Pro-Info.plist</string>
			<key>sourceTree</key>
			<string>&lt;group&gt;</string>
		</dict>
		<key>2748BF3B1501B1CC0091BFCF</key>
		<dict>
			<key>children</key>
			<array>
				<string>2748BF3C1501B1CC0091BFCF</string>
			</array>
			<key>isa</key>
			<string>PBXVariantGroup</string>
			<key>name</key>
			<string>InfoPlist.strings</string>
			<key>sourceTree</key>
			<string>&lt;group&gt;</string>
		</dict>
		<key>2748BF3C1501B1CC0091BFCF</key>
		<dict>
			<key>isa</key>
			<string>PBXFileReference</string>
			<key>lastKnownFileType</key>
			<string>text.plist.strings</string>
			<key>name</key>
			<string>en</string>
			<key>path</key>
			<string>en.lproj/InfoPlist.strings</string>
			<key>sourceTree</key>
			<string>&lt;group&gt;</string>
		</dict>
		<key>2748BF3D1501B1CC0091BFCF</key>
		<dict>
			<key>fileRef</key>
			<string>2748BF3B1501B1CC0091BFCF</string>
			<key>isa</key>
			<string>PBXBuildFile</string>
		</dict>
		<key>2748BF3E1501B1CC0091BFCF</key>
		<dict>
			<key>isa</key>
			<string>PBXFileReference</string>
			<key>lastKnownFileType</key>
			<string>sourcecode.c.objc</string>
			<key>path</key>
			<string>main.m</string>
			<key>sourceTree</key>
			<string>&lt;group&gt;</string>
		</dict>
		<key>2748BF3F1501B1CC0091BFCF</key>
		<dict>
			<key>fileRef</key>
			<string>2748BF3E1501B1CC0091BFCF</string>
			<key>isa</key>
			<string>PBXBuildFile</string>
		</dict>
		<key>2748BF401501B1CC0091BFCF</key>
		<dict>
			<key>isa</key>
			<string>PBXFileReference</string>
			<key>lastKnownFileType</key>
			<string>sourcecode.c.h</string>
			<key>path</key>
			<string>TunePad Pro-Prefix.pch</string>
			<key>sourceTree</key>
			<string>&lt;group&gt;</string>
		</dict>
		<key>2748BF411501B1CC0091BFCF</key>
		<dict>
			<key>isa</key>
			<string>PBXFileReference</string>
			<key>lastKnownFileType</key>
			<string>sourcecode.c.h</string>
			<key>path</key>
			<string>AppDelegate.h</string>
			<key>sourceTree</key>
			<string>&lt;group&gt;</string>
		</dict>
		<key>2748BF421501B1CC0091BFCF</key>
		<dict>
			<key>isa</key>
			<string>PBXFileReference</string>
			<key>lastKnownFileType</key>
			<string>sourcecode.c.objc</string>
			<key>path</key>
			<string>AppDelegate.m</string>
			<key>sourceTree</key>
			<string>&lt;group&gt;</string>
		</dict>
		<key>2748BF431501B1CC0091BFCF</key>
		<dict>
			<key>fileRef</key>
			<string>2748BF421501B1CC0091BFCF</string>
			<key>isa</key>
			<string>PBXBuildFile</string>
		</dict>
		<key>2748BF441501B1CC0091BFCF</key>
		<dict>
			<key>children</key>
			<array>
				<string>2748BF451501B1CC0091BFCF</string>
			</array>
			<key>isa</key>
			<string>PBXVariantGroup</string>
			<key>name</key>
			<string>MainStoryboard_iPhone.storyboard</string>
			<key>sourceTree</key>
			<string>&lt;group&gt;</string>
		</dict>
		<key>2748BF451501B1CC0091BFCF</key>
		<dict>
			<key>isa</key>
			<string>PBXFileReference</string>
			<key>lastKnownFileType</key>
			<string>file.storyboard</string>
			<key>name</key>
			<string>en</string>
			<key>path</key>
			<string>en.lproj/MainStoryboard_iPhone.storyboard</string>
			<key>sourceTree</key>
			<string>&lt;group&gt;</string>
		</dict>
		<key>2748BF461501B1CC0091BFCF</key>
		<dict>
			<key>fileRef</key>
			<string>2748BF441501B1CC0091BFCF</string>
			<key>isa</key>
			<string>PBXBuildFile</string>
		</dict>
		<key>2748BF471501B1CC0091BFCF</key>
		<dict>
			<key>children</key>
			<array>
				<string>2748BF481501B1CC0091BFCF</string>
			</array>
			<key>isa</key>
			<string>PBXVariantGroup</string>
			<key>name</key>
			<string>MainStoryboard_iPad.storyboard</string>
			<key>sourceTree</key>
			<string>&lt;group&gt;</string>
		</dict>
		<key>2748BF481501B1CC0091BFCF</key>
		<dict>
			<key>isa</key>
			<string>PBXFileReference</string>
			<key>lastKnownFileType</key>
			<string>file.storyboard</string>
			<key>name</key>
			<string>en</string>
			<key>path</key>
			<string>en.lproj/MainStoryboard_iPad.storyboard</string>
			<key>sourceTree</key>
			<string>&lt;group&gt;</string>
		</dict>
		<key>2748BF491501B1CC0091BFCF</key>
		<dict>
			<key>fileRef</key>
			<string>2748BF471501B1CC0091BFCF</string>
			<key>isa</key>
			<string>PBXBuildFile</string>
		</dict>
		<key>2748BF4A1501B1CC0091BFCF</key>
		<dict>
			<key>children</key>
			<array>
				<string>2748BF4B1501B1CC0091BFCF</string>
			</array>
			<key>currentVersion</key>
			<string>2748BF4B1501B1CC0091BFCF</string>
			<key>isa</key>
			<string>XCVersionGroup</string>
			<key>path</key>
			<string>TunePad_Pro.xcdatamodeld</string>
			<key>sourceTree</key>
			<string>&lt;group&gt;</string>
			<key>versionGroupType</key>
			<string>wrapper.xcdatamodel</string>
		</dict>
		<key>2748BF4B1501B1CC0091BFCF</key>
		<dict>
			<key>isa</key>
			<string>PBXFileReference</string>
			<key>lastKnownFileType</key>
			<string>wrapper.xcdatamodel</string>
			<key>path</key>
			<string>TunePad_Pro.xcdatamodel</string>
			<key>sourceTree</key>
			<string>&lt;group&gt;</string>
		</dict>
		<key>2748BF4C1501B1CC0091BFCF</key>
		<dict>
			<key>fileRef</key>
			<string>2748BF4A1501B1CC0091BFCF</string>
			<key>isa</key>
			<string>PBXBuildFile</string>
		</dict>
		<key>2748BF4D1501B1CC0091BFCF</key>
		<dict>
			<key>isa</key>
			<string>PBXFileReference</string>
			<key>lastKnownFileType</key>
			<string>sourcecode.c.h</string>
			<key>path</key>
			<string>SongListViewController.h</string>
			<key>sourceTree</key>
			<string>&lt;group&gt;</string>
		</dict>
		<key>2748BF4E1501B1CC0091BFCF</key>
		<dict>
			<key>isa</key>
			<string>PBXFileReference</string>
			<key>lastKnownFileType</key>
			<string>sourcecode.c.objc</string>
			<key>path</key>
			<string>SongListViewController.m</string>
			<key>sourceTree</key>
			<string>&lt;group&gt;</string>
		</dict>
		<key>2748BF4F1501B1CC0091BFCF</key>
		<dict>
			<key>fileRef</key>
			<string>2748BF4E1501B1CC0091BFCF</string>
			<key>isa</key>
			<string>PBXBuildFile</string>
		</dict>
		<key>2748BF501501B1CC0091BFCF</key>
		<dict>
			<key>isa</key>
			<string>PBXFileReference</string>
			<key>lastKnownFileType</key>
			<string>sourcecode.c.h</string>
			<key>path</key>
			<string>SectionEditViewController.h</string>
			<key>sourceTree</key>
			<string>&lt;group&gt;</string>
		</dict>
		<key>2748BF511501B1CC0091BFCF</key>
		<dict>
			<key>isa</key>
			<string>PBXFileReference</string>
			<key>lastKnownFileType</key>
			<string>sourcecode.c.objc</string>
			<key>path</key>
			<string>SectionEditViewController.m</string>
			<key>sourceTree</key>
			<string>&lt;group&gt;</string>
		</dict>
		<key>2748BF521501B1CC0091BFCF</key>
		<dict>
			<key>fileRef</key>
			<string>2748BF511501B1CC0091BFCF</string>
			<key>isa</key>
			<string>PBXBuildFile</string>
		</dict>
		<key>2748BF531501B1CC0091BFCF</key>
		<dict>
			<key>buildSettings</key>
			<dict>
				<key>ALWAYS_SEARCH_USER_PATHS</key>
				<string>NO</string>
				<key>ARCHS</key>
				<string>$(ARCHS_STANDARD_32_BIT)</string>
				<key>CLANG_ENABLE_OBJC_ARC</key>
				<string>YES</string>
				<key>CODE_SIGN_IDENTITY[sdk=iphoneos*]</key>
				<string>iPhone Developer</string>
				<key>COPY_PHASE_STRIP</key>
				<string>NO</string>
				<key>GCC_C_LANGUAGE_STANDARD</key>
				<string>gnu99</string>
				<key>GCC_DYNAMIC_NO_PIC</key>
				<string>NO</string>
				<key>GCC_OPTIMIZATION_LEVEL</key>
				<string>0</string>
				<key>GCC_PREPROCESSOR_DEFINITIONS</key>
				<array>
					<string>DEBUG=1</string>
					<string>$(inherited)</string>
				</array>
				<key>GCC_SYMBOLS_PRIVATE_EXTERN</key>
				<string>NO</string>
				<key>GCC_VERSION</key>
				<string>com.apple.compilers.llvm.clang.1_0</string>
				<key>GCC_WARN_ABOUT_MISSING_PROTOTYPES</key>
				<string>YES</string>
				<key>GCC_WARN_ABOUT_RETURN_TYPE</key>
				<string>YES</string>
				<key>GCC_WARN_UNUSED_VARIABLE</key>
				<string>YES</string>
				<key>IPHONEOS_DEPLOYMENT_TARGET</key>
				<string>6.0</string>
				<key>SDKROOT</key>
				<string>iphoneos</string>
				<key>TARGETED_DEVICE_FAMILY</key>
				<string>1,2</string>
			</dict>
			<key>isa</key>
			<string>XCBuildConfiguration</string>
			<key>name</key>
			<string>Debug</string>
		</dict>
		<key>2748BF541501B1CC0091BFCF</key>
		<dict>
			<key>buildSettings</key>
			<dict>
				<key>ALWAYS_SEARCH_USER_PATHS</key>
				<string>NO</string>
				<key>ARCHS</key>
				<string>$(ARCHS_STANDARD_32_BIT)</string>
				<key>CLANG_ENABLE_OBJC_ARC</key>
				<string>YES</string>
				<key>CODE_SIGN_IDENTITY[sdk=iphoneos*]</key>
				<string>iPhone Developer</string>
				<key>COPY_PHASE_STRIP</key>
				<string>YES</string>
				<key>GCC_C_LANGUAGE_STANDARD</key>
				<string>gnu99</string>
				<key>GCC_VERSION</key>
				<string>com.apple.compilers.llvm.clang.1_0</string>
				<key>GCC_WARN_ABOUT_MISSING_PROTOTYPES</key>
				<string>YES</string>
				<key>GCC_WARN_ABOUT_RETURN_TYPE</key>
				<string>YES</string>
				<key>GCC_WARN_UNUSED_VARIABLE</key>
				<string>YES</string>
				<key>IPHONEOS_DEPLOYMENT_TARGET</key>
				<string>6.0</string>
				<key>OTHER_CFLAGS</key>
				<string>-DNS_BLOCK_ASSERTIONS=1</string>
				<key>SDKROOT</key>
				<string>iphoneos</string>
				<key>TARGETED_DEVICE_FAMILY</key>
				<string>1,2</string>
				<key>VALIDATE_PRODUCT</key>
				<string>YES</string>
			</dict>
			<key>isa</key>
			<string>XCBuildConfiguration</string>
			<key>name</key>
			<string>Release</string>
		</dict>
		<key>2748BF551501B1CC0091BFCF</key>
		<dict>
			<key>buildConfigurations</key>
			<array>
				<string>2748BF561501B1CC0091BFCF</string>
				<string>2748BF571501B1CC0091BFCF</string>
			</array>
			<key>defaultConfigurationIsVisible</key>
			<string>0</string>
			<key>defaultConfigurationName</key>
			<string>Release</string>
			<key>isa</key>
			<string>XCConfigurationList</string>
		</dict>
		<key>2748BF561501B1CC0091BFCF</key>
		<dict>
			<key>baseConfigurationReference</key>
			<string>3DAF875DA131A0C4FD621B2D</string>
			<key>buildSettings</key>
			<dict>
				<key>CODE_SIGN_IDENTITY</key>
				<string>iPhone Developer</string>
				<key>CODE_SIGN_IDENTITY[sdk=iphoneos*]</key>
				<string>iPhone Developer</string>
				<key>GCC_PRECOMPILE_PREFIX_HEADER</key>
				<string>YES</string>
				<key>GCC_PREFIX_HEADER</key>
				<string>TunePad Pro/TunePad Pro-Prefix.pch</string>
				<key>INFOPLIST_FILE</key>
				<string>TunePad Pro/TunePad Pro-Info.plist</string>
				<key>IPHONEOS_DEPLOYMENT_TARGET</key>
				<string>6.0</string>
				<key>PRODUCT_NAME</key>
				<string>$(TARGET_NAME)</string>
				<key>PROVISIONING_PROFILE</key>
				<string></string>
				<key>TARGETED_DEVICE_FAMILY</key>
				<string>1,2</string>
				<key>WRAPPER_EXTENSION</key>
				<string>app</string>
			</dict>
			<key>isa</key>
			<string>XCBuildConfiguration</string>
			<key>name</key>
			<string>Debug</string>
		</dict>
		<key>2748BF571501B1CC0091BFCF</key>
		<dict>
			<key>baseConfigurationReference</key>
			<string>940BCD9B21EA282030551BBA</string>
			<key>buildSettings</key>
			<dict>
				<key>CODE_SIGN_IDENTITY</key>
				<string>iPhone Developer</string>
				<key>CODE_SIGN_IDENTITY[sdk=iphoneos*]</key>
				<string>iPhone Developer</string>
				<key>GCC_PRECOMPILE_PREFIX_HEADER</key>
				<string>YES</string>
				<key>GCC_PREFIX_HEADER</key>
				<string>TunePad Pro/TunePad Pro-Prefix.pch</string>
				<key>INFOPLIST_FILE</key>
				<string>TunePad Pro/TunePad Pro-Info.plist</string>
				<key>IPHONEOS_DEPLOYMENT_TARGET</key>
				<string>6.0</string>
				<key>PRODUCT_NAME</key>
				<string>$(TARGET_NAME)</string>
				<key>PROVISIONING_PROFILE</key>
				<string></string>
				<key>TARGETED_DEVICE_FAMILY</key>
				<string>1,2</string>
				<key>WRAPPER_EXTENSION</key>
				<string>app</string>
			</dict>
			<key>isa</key>
			<string>XCBuildConfiguration</string>
			<key>name</key>
			<string>Release</string>
		</dict>
		<key>274EEEA4152AAE59004A2224</key>
		<dict>
			<key>isa</key>
			<string>PBXFileReference</string>
			<key>lastKnownFileType</key>
			<string>image.jpeg</string>
			<key>path</key>
			<string>microphone_icon.jpg</string>
			<key>sourceTree</key>
			<string>&lt;group&gt;</string>
		</dict>
		<key>274EEEA5152AAE59004A2224</key>
		<dict>
			<key>fileRef</key>
			<string>274EEEA4152AAE59004A2224</string>
			<key>isa</key>
			<string>PBXBuildFile</string>
		</dict>
		<key>274EEEA7152AB739004A2224</key>
		<dict>
			<key>fileEncoding</key>
			<string>4</string>
			<key>isa</key>
			<string>PBXFileReference</string>
			<key>lastKnownFileType</key>
			<string>sourcecode.c.h</string>
			<key>path</key>
			<string>RecordView.h</string>
			<key>sourceTree</key>
			<string>&lt;group&gt;</string>
		</dict>
		<key>274EEEA8152AB739004A2224</key>
		<dict>
			<key>fileEncoding</key>
			<string>4</string>
			<key>isa</key>
			<string>PBXFileReference</string>
			<key>lastKnownFileType</key>
			<string>sourcecode.c.objc</string>
			<key>path</key>
			<string>RecordView.m</string>
			<key>sourceTree</key>
			<string>&lt;group&gt;</string>
		</dict>
		<key>274EEEA9152AB739004A2224</key>
		<dict>
			<key>fileRef</key>
			<string>274EEEA8152AB739004A2224</string>
			<key>isa</key>
			<string>PBXBuildFile</string>
		</dict>
		<key>274EEEAA152B4D26004A2224</key>
		<dict>
			<key>fileEncoding</key>
			<string>4</string>
			<key>isa</key>
			<string>PBXFileReference</string>
			<key>lastKnownFileType</key>
			<string>file.xib</string>
			<key>path</key>
			<string>RecordView.xib</string>
			<key>sourceTree</key>
			<string>&lt;group&gt;</string>
		</dict>
		<key>274EEEAB152B4D26004A2224</key>
		<dict>
			<key>fileRef</key>
			<string>274EEEAA152B4D26004A2224</string>
			<key>isa</key>
			<string>PBXBuildFile</string>
		</dict>
		<key>275B8875153F2354004CFEBB</key>
		<dict>
			<key>isa</key>
			<string>PBXFileReference</string>
			<key>lastKnownFileType</key>
			<string>image.png</string>
			<key>path</key>
			<string>matteStopButton.png</string>
			<key>sourceTree</key>
			<string>&lt;group&gt;</string>
		</dict>
		<key>275B8876153F2354004CFEBB</key>
		<dict>
			<key>isa</key>
			<string>PBXFileReference</string>
			<key>lastKnownFileType</key>
			<string>image.png</string>
			<key>path</key>
			<string>mattePlayButton.png</string>
			<key>sourceTree</key>
			<string>&lt;group&gt;</string>
		</dict>
		<key>275B8877153F2354004CFEBB</key>
		<dict>
			<key>isa</key>
			<string>PBXFileReference</string>
			<key>lastKnownFileType</key>
			<string>image.png</string>
			<key>path</key>
			<string>matteRecordIcon.png</string>
			<key>sourceTree</key>
			<string>&lt;group&gt;</string>
		</dict>
		<key>275B8878153F2354004CFEBB</key>
		<dict>
			<key>fileRef</key>
			<string>275B8875153F2354004CFEBB</string>
			<key>isa</key>
			<string>PBXBuildFile</string>
		</dict>
		<key>275B8879153F2354004CFEBB</key>
		<dict>
			<key>fileRef</key>
			<string>275B8876153F2354004CFEBB</string>
			<key>isa</key>
			<string>PBXBuildFile</string>
		</dict>
		<key>275B887A153F2354004CFEBB</key>
		<dict>
			<key>fileRef</key>
			<string>275B8877153F2354004CFEBB</string>
			<key>isa</key>
			<string>PBXBuildFile</string>
		</dict>
		<key>277B65D0150263B4007CD5C9</key>
		<dict>
			<key>children</key>
			<array>
				<string>2748BF4A1501B1CC0091BFCF</string>
				<string>27D23BF4151E5AE0005A7A77</string>
				<string>27D23BF5151E5AE0005A7A77</string>
				<string>27FDDDBD154C3D3400B6FA0D</string>
				<string>27FDDDBE154C3D3400B6FA0D</string>
			</array>
			<key>isa</key>
			<string>PBXGroup</string>
			<key>name</key>
			<string>CoreData</string>
			<key>sourceTree</key>
			<string>&lt;group&gt;</string>
		</dict>
		<key>277B65E7150267DB007CD5C9</key>
		<dict>
			<key>fileEncoding</key>
			<string>4</string>
			<key>isa</key>
			<string>PBXFileReference</string>
			<key>lastKnownFileType</key>
			<string>sourcecode.c.h</string>
			<key>path</key>
			<string>MainMenuViewController.h</string>
			<key>sourceTree</key>
			<string>&lt;group&gt;</string>
		</dict>
		<key>277B65E8150267DB007CD5C9</key>
		<dict>
			<key>fileEncoding</key>
			<string>4</string>
			<key>isa</key>
			<string>PBXFileReference</string>
			<key>lastKnownFileType</key>
			<string>sourcecode.c.objc</string>
			<key>path</key>
			<string>MainMenuViewController.m</string>
			<key>sourceTree</key>
			<string>&lt;group&gt;</string>
		</dict>
		<key>277B65E9150267DB007CD5C9</key>
		<dict>
			<key>fileRef</key>
			<string>277B65E8150267DB007CD5C9</string>
			<key>isa</key>
			<string>PBXBuildFile</string>
		</dict>
		<key>2797FCF315466258007F0D16</key>
		<dict>
			<key>isa</key>
			<string>PBXFileReference</string>
			<key>lastKnownFileType</key>
			<string>image.png</string>
			<key>name</key>
			<string>Tunepad Icon.png</string>
			<key>path</key>
			<string>../Tunepad Icon.png</string>
			<key>sourceTree</key>
			<string>&lt;group&gt;</string>
		</dict>
		<key>2797FCF415466258007F0D16</key>
		<dict>
			<key>fileRef</key>
			<string>2797FCF315466258007F0D16</string>
			<key>isa</key>
			<string>PBXBuildFile</string>
		</dict>
		<key>27AE87331516A161004A817E</key>
		<dict>
			<key>fileEncoding</key>
			<string>4</string>
			<key>isa</key>
			<string>PBXFileReference</string>
			<key>lastKnownFileType</key>
			<string>sourcecode.c.h</string>
			<key>path</key>
			<string>EditViewController.h</string>
			<key>sourceTree</key>
			<string>&lt;group&gt;</string>
		</dict>
		<key>27AE87341516A161004A817E</key>
		<dict>
			<key>fileEncoding</key>
			<string>4</string>
			<key>isa</key>
			<string>PBXFileReference</string>
			<key>lastKnownFileType</key>
			<string>sourcecode.c.objc</string>
			<key>path</key>
			<string>EditViewController.m</string>
			<key>sourceTree</key>
			<string>&lt;group&gt;</string>
		</dict>
		<key>27AE87351516A162004A817E</key>
		<dict>
			<key>fileRef</key>
			<string>27AE87341516A161004A817E</string>
			<key>isa</key>
			<string>PBXBuildFile</string>
		</dict>
		<key>27C08879154B4F520078DAB1</key>
		<dict>
			<key>isa</key>
			<string>PBXFileReference</string>
			<key>lastKnownFileType</key>
			<string>image.png</string>
			<key>path</key>
			<string>parchment.png</string>
			<key>sourceTree</key>
			<string>&lt;group&gt;</string>
		</dict>
		<key>27C0887A154B4F520078DAB1</key>
		<dict>
			<key>fileRef</key>
			<string>27C08879154B4F520078DAB1</string>
			<key>isa</key>
			<string>PBXBuildFile</string>
		</dict>
		<key>27D23BF4151E5AE0005A7A77</key>
		<dict>
			<key>fileEncoding</key>
			<string>4</string>
			<key>isa</key>
			<string>PBXFileReference</string>
			<key>lastKnownFileType</key>
			<string>sourcecode.c.h</string>
			<key>path</key>
			<string>SongSection.h</string>
			<key>sourceTree</key>
			<string>&lt;group&gt;</string>
		</dict>
		<key>27D23BF5151E5AE0005A7A77</key>
		<dict>
			<key>fileEncoding</key>
			<string>4</string>
			<key>isa</key>
			<string>PBXFileReference</string>
			<key>lastKnownFileType</key>
			<string>sourcecode.c.objc</string>
			<key>path</key>
			<string>SongSection.m</string>
			<key>sourceTree</key>
			<string>&lt;group&gt;</string>
		</dict>
		<key>27D23BF6151E5AE0005A7A77</key>
		<dict>
			<key>fileRef</key>
			<string>27D23BF5151E5AE0005A7A77</string>
			<key>isa</key>
			<string>PBXBuildFile</string>
		</dict>
		<key>27FDDDBD154C3D3400B6FA0D</key>
		<dict>
			<key>fileEncoding</key>
			<string>4</string>
			<key>isa</key>
			<string>PBXFileReference</string>
			<key>lastKnownFileType</key>
			<string>sourcecode.c.h</string>
			<key>path</key>
			<string>Song.h</string>
			<key>sourceTree</key>
			<string>SOURCE_ROOT</string>
		</dict>
		<key>27FDDDBE154C3D3400B6FA0D</key>
		<dict>
			<key>fileEncoding</key>
			<string>4</string>
			<key>isa</key>
			<string>PBXFileReference</string>
			<key>lastKnownFileType</key>
			<string>sourcecode.c.objc</string>
			<key>path</key>
			<string>Song.m</string>
			<key>sourceTree</key>
			<string>SOURCE_ROOT</string>
		</dict>
		<key>27FDDDBF154C3D3400B6FA0D</key>
		<dict>
			<key>fileRef</key>
			<string>27FDDDBE154C3D3400B6FA0D</string>
			<key>isa</key>
			<string>PBXBuildFile</string>
		</dict>
		<key>31266847D049ACABA0467F72</key>
		<dict>
			<key>explicitFileType</key>
			<string>archive.ar</string>
			<key>includeInIndex</key>
			<string>0</string>
			<key>isa</key>
			<string>PBXFileReference</string>
			<key>path</key>
			<string>libPods-TunePad Pro.a</string>
			<key>sourceTree</key>
			<string>BUILT_PRODUCTS_DIR</string>
		</dict>
		<key>3DAF875DA131A0C4FD621B2D</key>
		<dict>
			<key>includeInIndex</key>
			<string>1</string>
			<key>isa</key>
			<string>PBXFileReference</string>
			<key>lastKnownFileType</key>
			<string>text.xcconfig</string>
			<key>name</key>
			<string>Pods-TunePad Pro.debug.xcconfig</string>
			<key>path</key>
			<string>Pods/Target Support Files/Pods-TunePad Pro/Pods-TunePad Pro.debug.xcconfig</string>
			<key>sourceTree</key>
			<string>&lt;group&gt;</string>
		</dict>
		<key>42F6C879BE2FADC32355E0DE</key>
		<dict>
			<key>fileRef</key>
			<string>31266847D049ACABA0467F72</string>
			<key>isa</key>
			<string>PBXBuildFile</string>
		</dict>
		<key>940BCD9B21EA282030551BBA</key>
		<dict>
			<key>includeInIndex</key>
			<string>1</string>
			<key>isa</key>
			<string>PBXFileReference</string>
			<key>lastKnownFileType</key>
			<string>text.xcconfig</string>
			<key>name</key>
			<string>Pods-TunePad Pro.release.xcconfig</string>
			<key>path</key>
			<string>Pods/Target Support Files/Pods-TunePad Pro/Pods-TunePad Pro.release.xcconfig</string>
			<key>sourceTree</key>
			<string>&lt;group&gt;</string>
		</dict>
		<key>9B0BEB0CAF49B7B7F8203AD5</key>
		<dict>
			<key>buildActionMask</key>
			<string>2147483647</string>
			<key>files</key>
			<array/>
			<key>inputPaths</key>
			<array/>
			<key>isa</key>
			<string>PBXShellScriptBuildPhase</string>
			<key>name</key>
			<string>Copy Pods Resources</string>
			<key>outputPaths</key>
			<array/>
			<key>runOnlyForDeploymentPostprocessing</key>
			<string>0</string>
			<key>shellPath</key>
			<string>/bin/sh</string>
			<key>shellScript</key>
			<string>"${SRCROOT}/Pods/Target Support Files/Pods-TunePad Pro/Pods-TunePad Pro-resources.sh"
</string>
			<key>showEnvVarsInLog</key>
			<string>0</string>
		</dict>
		<key>9B4CEBB9613103156F4EF75F</key>
		<dict>
			<key>buildActionMask</key>
			<string>2147483647</string>
			<key>files</key>
			<array/>
			<key>inputPaths</key>
			<array/>
			<key>isa</key>
			<string>PBXShellScriptBuildPhase</string>
			<key>name</key>
			<string>Check Pods Manifest.lock</string>
			<key>outputPaths</key>
			<array/>
			<key>runOnlyForDeploymentPostprocessing</key>
			<string>0</string>
			<key>shellPath</key>
			<string>/bin/sh</string>
			<key>shellScript</key>
			<string>diff "${PODS_ROOT}/../Podfile.lock" "${PODS_ROOT}/Manifest.lock" &gt; /dev/null
if [[ $? != 0 ]] ; then
    cat &lt;&lt; EOM
error: The sandbox is not in sync with the Podfile.lock. Run 'pod install' or update your CocoaPods installation.
EOM
    exit 1
fi
</string>
			<key>showEnvVarsInLog</key>
			<string>0</string>
		</dict>
		<key>ADE86DC4B92EAF59BF44080F</key>
		<dict>
			<key>children</key>
			<array>
				<string>3DAF875DA131A0C4FD621B2D</string>
				<string>940BCD9B21EA282030551BBA</string>
			</array>
			<key>isa</key>
			<string>PBXGroup</string>
			<key>name</key>
			<string>Pods</string>
			<key>sourceTree</key>
			<string>&lt;group&gt;</string>
		</dict>
	</dict>
	<key>rootObject</key>
	<string>2748BF231501B1CC0091BFCF</string>
</dict>
</plist>
